<?xml version="1.0" encoding="utf-8"?>
<Project ToolsVersion="4.0" xmlns="http://schemas.microsoft.com/developer/msbuild/2003">
  <ItemGroup>
    <ClCompile Include="main.cpp" />
  </ItemGroup>
  <ItemGroup>
    <Filter Include="Shaders">
      <UniqueIdentifier>{65a75f76-deec-4a38-895b-8493a0c2c6c5}</UniqueIdentifier>
    </Filter>
  </ItemGroup>
  <ItemGroup>
    <None Include="..\data\shader\triangle.vert">
      <Filter>Shaders</Filter>
    </None>
    <None Include="..\data\shader\triangle.frag">
      <Filter>Shaders</Filter>
    </None>
  </ItemGroup>
</Project>